// !$*UTF8*$!
{
	archiveVersion = 1;
	classes = {
	};
	objectVersion = 56;
	objects = {

/* Begin PBXBuildFile section */
		0BC22C242B9E0A0B00EF07AC /* AppDelegate.swift in Sources */ = {isa = PBXBuildFile; fileRef = 0BC22C232B9E0A0B00EF07AC /* AppDelegate.swift */; };
		0BC22C262B9E0A0B00EF07AC /* SceneDelegate.swift in Sources */ = {isa = PBXBuildFile; fileRef = 0BC22C252B9E0A0B00EF07AC /* SceneDelegate.swift */; };
		0BC22C282B9E0A0B00EF07AC /* ViewController.swift in Sources */ = {isa = PBXBuildFile; fileRef = 0BC22C272B9E0A0B00EF07AC /* ViewController.swift */; };
		0BC22C2D2B9E0A0D00EF07AC /* Assets.xcassets in Resources */ = {isa = PBXBuildFile; fileRef = 0BC22C2C2B9E0A0D00EF07AC /* Assets.xcassets */; };
		0BC22C302B9E0A0D00EF07AC /* LaunchScreen.storyboard in Resources */ = {isa = PBXBuildFile; fileRef = 0BC22C2E2B9E0A0D00EF07AC /* LaunchScreen.storyboard */; };
		0BC22C3C2B9E0A5100EF07AC /* Builder.swift in Sources */ = {isa = PBXBuildFile; fileRef = 0BC22C3B2B9E0A5100EF07AC /* Builder.swift */; };
		0BC22C402B9E0AAF00EF07AC /* PasswordPresenter.swift in Sources */ = {isa = PBXBuildFile; fileRef = 0BC22C3F2B9E0AAF00EF07AC /* PasswordPresenter.swift */; };
		0BC22C432B9E0AEF00EF07AC /* BruteFunctionality.swift in Sources */ = {isa = PBXBuildFile; fileRef = 0BC22C422B9E0AEF00EF07AC /* BruteFunctionality.swift */; };
		0BCEF0282BA35DAE00CB15EF /* StringExtension.swift in Sources */ = {isa = PBXBuildFile; fileRef = 0BCEF0272BA35DAE00CB15EF /* StringExtension.swift */; };
/* End PBXBuildFile section */

/* Begin PBXFileReference section */
		0BC22C202B9E0A0B00EF07AC /* iOS12-HW17-Mikhailova Olga.app */ = {isa = PBXFileReference; explicitFileType = wrapper.application; includeInIndex = 0; path = "iOS12-HW17-Mikhailova Olga.app"; sourceTree = BUILT_PRODUCTS_DIR; };
		0BC22C232B9E0A0B00EF07AC /* AppDelegate.swift */ = {isa = PBXFileReference; lastKnownFileType = sourcecode.swift; path = AppDelegate.swift; sourceTree = "<group>"; };
		0BC22C252B9E0A0B00EF07AC /* SceneDelegate.swift */ = {isa = PBXFileReference; lastKnownFileType = sourcecode.swift; path = SceneDelegate.swift; sourceTree = "<group>"; };
		0BC22C272B9E0A0B00EF07AC /* ViewController.swift */ = {isa = PBXFileReference; lastKnownFileType = sourcecode.swift; path = ViewController.swift; sourceTree = "<group>"; };
		0BC22C2C2B9E0A0D00EF07AC /* Assets.xcassets */ = {isa = PBXFileReference; lastKnownFileType = folder.assetcatalog; path = Assets.xcassets; sourceTree = "<group>"; };
		0BC22C2F2B9E0A0D00EF07AC /* Base */ = {isa = PBXFileReference; lastKnownFileType = file.storyboard; name = Base; path = Base.lproj/LaunchScreen.storyboard; sourceTree = "<group>"; };
		0BC22C312B9E0A0D00EF07AC /* Info.plist */ = {isa = PBXFileReference; lastKnownFileType = text.plist.xml; path = Info.plist; sourceTree = "<group>"; };
		0BC22C3B2B9E0A5100EF07AC /* Builder.swift */ = {isa = PBXFileReference; lastKnownFileType = sourcecode.swift; path = Builder.swift; sourceTree = "<group>"; };
		0BC22C3F2B9E0AAF00EF07AC /* PasswordPresenter.swift */ = {isa = PBXFileReference; lastKnownFileType = sourcecode.swift; path = PasswordPresenter.swift; sourceTree = "<group>"; };
		0BC22C422B9E0AEF00EF07AC /* BruteFunctionality.swift */ = {isa = PBXFileReference; lastKnownFileType = sourcecode.swift; path = BruteFunctionality.swift; sourceTree = "<group>"; };
		0BCEF0272BA35DAE00CB15EF /* StringExtension.swift */ = {isa = PBXFileReference; lastKnownFileType = sourcecode.swift; path = StringExtension.swift; sourceTree = "<group>"; };
/* End PBXFileReference section */

/* Begin PBXFrameworksBuildPhase section */
		0BC22C1D2B9E0A0B00EF07AC /* Frameworks */ = {
			isa = PBXFrameworksBuildPhase;
			buildActionMask = 2147483647;
			files = (
			);
			runOnlyForDeploymentPostprocessing = 0;
		};
/* End PBXFrameworksBuildPhase section */

/* Begin PBXGroup section */
		0BC22C172B9E0A0B00EF07AC = {
			isa = PBXGroup;
			children = (
				0BC22C222B9E0A0B00EF07AC /* iOS12-HW17-Mikhailova Olga */,
				0BC22C212B9E0A0B00EF07AC /* Products */,
			);
			sourceTree = "<group>";
		};
		0BC22C212B9E0A0B00EF07AC /* Products */ = {
			isa = PBXGroup;
			children = (
				0BC22C202B9E0A0B00EF07AC /* iOS12-HW17-Mikhailova Olga.app */,
			);
			name = Products;
			sourceTree = "<group>";
		};
		0BC22C222B9E0A0B00EF07AC /* iOS12-HW17-Mikhailova Olga */ = {
			isa = PBXGroup;
			children = (
				0BC22C392B9E0A3700EF07AC /* App */,
				0BC22C382B9E0A2C00EF07AC /* Sources */,
				0BC22C372B9E0A2100EF07AC /* Resources */,
			);
			path = "iOS12-HW17-Mikhailova Olga";
			sourceTree = "<group>";
		};
		0BC22C372B9E0A2100EF07AC /* Resources */ = {
			isa = PBXGroup;
			children = (
				0BC22C2C2B9E0A0D00EF07AC /* Assets.xcassets */,
				0BC22C2E2B9E0A0D00EF07AC /* LaunchScreen.storyboard */,
				0BC22C312B9E0A0D00EF07AC /* Info.plist */,
			);
			path = Resources;
			sourceTree = "<group>";
		};
		0BC22C382B9E0A2C00EF07AC /* Sources */ = {
			isa = PBXGroup;
			children = (
				0BCEF0262BA35D7A00CB15EF /* StringExtension */,
				0BC22C412B9E0AD900EF07AC /* BruteFunctionality */,
				0BC22C3E2B9E0A9400EF07AC /* PasswordPresenter */,
				0BC22C3D2B9E0A5600EF07AC /* View */,
				0BC22C3A2B9E0A4200EF07AC /* Builder */,
			);
			path = Sources;
			sourceTree = "<group>";
		};
		0BC22C392B9E0A3700EF07AC /* App */ = {
			isa = PBXGroup;
			children = (
				0BC22C252B9E0A0B00EF07AC /* SceneDelegate.swift */,
				0BC22C232B9E0A0B00EF07AC /* AppDelegate.swift */,
			);
			path = App;
			sourceTree = "<group>";
		};
		0BC22C3A2B9E0A4200EF07AC /* Builder */ = {
			isa = PBXGroup;
			children = (
				0BC22C3B2B9E0A5100EF07AC /* Builder.swift */,
			);
			path = Builder;
			sourceTree = "<group>";
		};
		0BC22C3D2B9E0A5600EF07AC /* View */ = {
			isa = PBXGroup;
			children = (
				0BC22C272B9E0A0B00EF07AC /* ViewController.swift */,
			);
			path = View;
			sourceTree = "<group>";
		};
		0BC22C3E2B9E0A9400EF07AC /* PasswordPresenter */ = {
			isa = PBXGroup;
			children = (
				0BC22C3F2B9E0AAF00EF07AC /* PasswordPresenter.swift */,
			);
			path = PasswordPresenter;
			sourceTree = "<group>";
		};
		0BC22C412B9E0AD900EF07AC /* BruteFunctionality */ = {
			isa = PBXGroup;
			children = (
				0BC22C422B9E0AEF00EF07AC /* BruteFunctionality.swift */,
			);
			path = BruteFunctionality;
			sourceTree = "<group>";
		};
		0BCEF0262BA35D7A00CB15EF /* StringExtension */ = {
			isa = PBXGroup;
			children = (
				0BCEF0272BA35DAE00CB15EF /* StringExtension.swift */,
			);
			path = StringExtension;
			sourceTree = "<group>";
		};
/* End PBXGroup section */

/* Begin PBXNativeTarget section */
		0BC22C1F2B9E0A0B00EF07AC /* iOS12-HW17-Mikhailova Olga */ = {
			isa = PBXNativeTarget;
			buildConfigurationList = 0BC22C342B9E0A0D00EF07AC /* Build configuration list for PBXNativeTarget "iOS12-HW17-Mikhailova Olga" */;
			buildPhases = (
				0BC22C1C2B9E0A0B00EF07AC /* Sources */,
				0BC22C1D2B9E0A0B00EF07AC /* Frameworks */,
				0BC22C1E2B9E0A0B00EF07AC /* Resources */,
			);
			buildRules = (
			);
			dependencies = (
			);
			name = "iOS12-HW17-Mikhailova Olga";
			productName = "iOS12-HW17-Mikhailova Olga";
			productReference = 0BC22C202B9E0A0B00EF07AC /* iOS12-HW17-Mikhailova Olga.app */;
			productType = "com.apple.product-type.application";
		};
/* End PBXNativeTarget section */

/* Begin PBXProject section */
		0BC22C182B9E0A0B00EF07AC /* Project object */ = {
			isa = PBXProject;
			attributes = {
				BuildIndependentTargetsInParallel = 1;
				LastSwiftUpdateCheck = 1500;
				LastUpgradeCheck = 1500;
				TargetAttributes = {
					0BC22C1F2B9E0A0B00EF07AC = {
						CreatedOnToolsVersion = 15.0.1;
					};
				};
			};
			buildConfigurationList = 0BC22C1B2B9E0A0B00EF07AC /* Build configuration list for PBXProject "iOS12-HW17-Mikhailova Olga" */;
			compatibilityVersion = "Xcode 14.0";
			developmentRegion = en;
			hasScannedForEncodings = 0;
			knownRegions = (
				en,
				Base,
			);
			mainGroup = 0BC22C172B9E0A0B00EF07AC;
			productRefGroup = 0BC22C212B9E0A0B00EF07AC /* Products */;
			projectDirPath = "";
			projectRoot = "";
			targets = (
				0BC22C1F2B9E0A0B00EF07AC /* iOS12-HW17-Mikhailova Olga */,
			);
		};
/* End PBXProject section */

/* Begin PBXResourcesBuildPhase section */
		0BC22C1E2B9E0A0B00EF07AC /* Resources */ = {
			isa = PBXResourcesBuildPhase;
			buildActionMask = 2147483647;
			files = (
				0BC22C302B9E0A0D00EF07AC /* LaunchScreen.storyboard in Resources */,
				0BC22C2D2B9E0A0D00EF07AC /* Assets.xcassets in Resources */,
			);
			runOnlyForDeploymentPostprocessing = 0;
		};
/* End PBXResourcesBuildPhase section */

/* Begin PBXSourcesBuildPhase section */
		0BC22C1C2B9E0A0B00EF07AC /* Sources */ = {
			isa = PBXSourcesBuildPhase;
			buildActionMask = 2147483647;
			files = (
				0BC22C282B9E0A0B00EF07AC /* ViewController.swift in Sources */,
				0BCEF0282BA35DAE00CB15EF /* StringExtension.swift in Sources */,
				0BC22C242B9E0A0B00EF07AC /* AppDelegate.swift in Sources */,
				0BC22C262B9E0A0B00EF07AC /* SceneDelegate.swift in Sources */,
				0BC22C402B9E0AAF00EF07AC /* PasswordPresenter.swift in Sources */,
				0BC22C432B9E0AEF00EF07AC /* BruteFunctionality.swift in Sources */,
				0BC22C3C2B9E0A5100EF07AC /* Builder.swift in Sources */,
			);
			runOnlyForDeploymentPostprocessing = 0;
		};
/* End PBXSourcesBuildPhase section */

/* Begin PBXVariantGroup section */
		0BC22C2E2B9E0A0D00EF07AC /* LaunchScreen.storyboard */ = {
			isa = PBXVariantGroup;
			children = (
				0BC22C2F2B9E0A0D00EF07AC /* Base */,
			);
			name = LaunchScreen.storyboard;
			sourceTree = "<group>";
		};
/* End PBXVariantGroup section */

/* Begin XCBuildConfiguration section */
		0BC22C322B9E0A0D00EF07AC /* Debug */ = {
			isa = XCBuildConfiguration;
			buildSettings = {
				ALWAYS_SEARCH_USER_PATHS = NO;
				ASSETCATALOG_COMPILER_GENERATE_SWIFT_ASSET_SYMBOL_EXTENSIONS = YES;
				CLANG_ANALYZER_NONNULL = YES;
				CLANG_ANALYZER_NUMBER_OBJECT_CONVERSION = YES_AGGRESSIVE;
				CLANG_CXX_LANGUAGE_STANDARD = "gnu++20";
				CLANG_ENABLE_MODULES = YES;
				CLANG_ENABLE_OBJC_ARC = YES;
				CLANG_ENABLE_OBJC_WEAK = YES;
				CLANG_WARN_BLOCK_CAPTURE_AUTORELEASING = YES;
				CLANG_WARN_BOOL_CONVERSION = YES;
				CLANG_WARN_COMMA = YES;
				CLANG_WARN_CONSTANT_CONVERSION = YES;
				CLANG_WARN_DEPRECATED_OBJC_IMPLEMENTATIONS = YES;
				CLANG_WARN_DIRECT_OBJC_ISA_USAGE = YES_ERROR;
				CLANG_WARN_DOCUMENTATION_COMMENTS = YES;
				CLANG_WARN_EMPTY_BODY = YES;
				CLANG_WARN_ENUM_CONVERSION = YES;
				CLANG_WARN_INFINITE_RECURSION = YES;
				CLANG_WARN_INT_CONVERSION = YES;
				CLANG_WARN_NON_LITERAL_NULL_CONVERSION = YES;
				CLANG_WARN_OBJC_IMPLICIT_RETAIN_SELF = YES;
				CLANG_WARN_OBJC_LITERAL_CONVERSION = YES;
				CLANG_WARN_OBJC_ROOT_CLASS = YES_ERROR;
				CLANG_WARN_QUOTED_INCLUDE_IN_FRAMEWORK_HEADER = YES;
				CLANG_WARN_RANGE_LOOP_ANALYSIS = YES;
				CLANG_WARN_STRICT_PROTOTYPES = YES;
				CLANG_WARN_SUSPICIOUS_MOVE = YES;
				CLANG_WARN_UNGUARDED_AVAILABILITY = YES_AGGRESSIVE;
				CLANG_WARN_UNREACHABLE_CODE = YES;
				CLANG_WARN__DUPLICATE_METHOD_MATCH = YES;
				COPY_PHASE_STRIP = NO;
				DEBUG_INFORMATION_FORMAT = dwarf;
				ENABLE_STRICT_OBJC_MSGSEND = YES;
				ENABLE_TESTABILITY = YES;
				ENABLE_USER_SCRIPT_SANDBOXING = YES;
				GCC_C_LANGUAGE_STANDARD = gnu17;
				GCC_DYNAMIC_NO_PIC = NO;
				GCC_NO_COMMON_BLOCKS = YES;
				GCC_OPTIMIZATION_LEVEL = 0;
				GCC_PREPROCESSOR_DEFINITIONS = (
					"DEBUG=1",
					"$(inherited)",
				);
				GCC_WARN_64_TO_32_BIT_CONVERSION = YES;
				GCC_WARN_ABOUT_RETURN_TYPE = YES_ERROR;
				GCC_WARN_UNDECLARED_SELECTOR = YES;
				GCC_WARN_UNINITIALIZED_AUTOS = YES_AGGRESSIVE;
				GCC_WARN_UNUSED_FUNCTION = YES;
				GCC_WARN_UNUSED_VARIABLE = YES;
				IPHONEOS_DEPLOYMENT_TARGET = 17.0;
				LOCALIZATION_PREFERS_STRING_CATALOGS = YES;
				MTL_ENABLE_DEBUG_INFO = INCLUDE_SOURCE;
				MTL_FAST_MATH = YES;
				ONLY_ACTIVE_ARCH = YES;
				SDKROOT = iphoneos;
				SWIFT_ACTIVE_COMPILATION_CONDITIONS = "DEBUG $(inherited)";
				SWIFT_OPTIMIZATION_LEVEL = "-Onone";
			};
			name = Debug;
		};
		0BC22C332B9E0A0D00EF07AC /* Release */ = {
			isa = XCBuildConfiguration;
			buildSettings = {
				ALWAYS_SEARCH_USER_PATHS = NO;
				ASSETCATALOG_COMPILER_GENERATE_SWIFT_ASSET_SYMBOL_EXTENSIONS = YES;
				CLANG_ANALYZER_NONNULL = YES;
				CLANG_ANALYZER_NUMBER_OBJECT_CONVERSION = YES_AGGRESSIVE;
				CLANG_CXX_LANGUAGE_STANDARD = "gnu++20";
				CLANG_ENABLE_MODULES = YES;
				CLANG_ENABLE_OBJC_ARC = YES;
				CLANG_ENABLE_OBJC_WEAK = YES;
				CLANG_WARN_BLOCK_CAPTURE_AUTORELEASING = YES;
				CLANG_WARN_BOOL_CONVERSION = YES;
				CLANG_WARN_COMMA = YES;
				CLANG_WARN_CONSTANT_CONVERSION = YES;
				CLANG_WARN_DEPRECATED_OBJC_IMPLEMENTATIONS = YES;
				CLANG_WARN_DIRECT_OBJC_ISA_USAGE = YES_ERROR;
				CLANG_WARN_DOCUMENTATION_COMMENTS = YES;
				CLANG_WARN_EMPTY_BODY = YES;
				CLANG_WARN_ENUM_CONVERSION = YES;
				CLANG_WARN_INFINITE_RECURSION = YES;
				CLANG_WARN_INT_CONVERSION = YES;
				CLANG_WARN_NON_LITERAL_NULL_CONVERSION = YES;
				CLANG_WARN_OBJC_IMPLICIT_RETAIN_SELF = YES;
				CLANG_WARN_OBJC_LITERAL_CONVERSION = YES;
				CLANG_WARN_OBJC_ROOT_CLASS = YES_ERROR;
				CLANG_WARN_QUOTED_INCLUDE_IN_FRAMEWORK_HEADER = YES;
				CLANG_WARN_RANGE_LOOP_ANALYSIS = YES;
				CLANG_WARN_STRICT_PROTOTYPES = YES;
				CLANG_WARN_SUSPICIOUS_MOVE = YES;
				CLANG_WARN_UNGUARDED_AVAILABILITY = YES_AGGRESSIVE;
				CLANG_WARN_UNREACHABLE_CODE = YES;
				CLANG_WARN__DUPLICATE_METHOD_MATCH = YES;
				COPY_PHASE_STRIP = NO;
				DEBUG_INFORMATION_FORMAT = "dwarf-with-dsym";
				ENABLE_NS_ASSERTIONS = NO;
				ENABLE_STRICT_OBJC_MSGSEND = YES;
				ENABLE_USER_SCRIPT_SANDBOXING = YES;
				GCC_C_LANGUAGE_STANDARD = gnu17;
				GCC_NO_COMMON_BLOCKS = YES;
				GCC_WARN_64_TO_32_BIT_CONVERSION = YES;
				GCC_WARN_ABOUT_RETURN_TYPE = YES_ERROR;
				GCC_WARN_UNDECLARED_SELECTOR = YES;
				GCC_WARN_UNINITIALIZED_AUTOS = YES_AGGRESSIVE;
				GCC_WARN_UNUSED_FUNCTION = YES;
				GCC_WARN_UNUSED_VARIABLE = YES;
				IPHONEOS_DEPLOYMENT_TARGET = 17.0;
				LOCALIZATION_PREFERS_STRING_CATALOGS = YES;
				MTL_ENABLE_DEBUG_INFO = NO;
				MTL_FAST_MATH = YES;
				SDKROOT = iphoneos;
				SWIFT_COMPILATION_MODE = wholemodule;
				VALIDATE_PRODUCT = YES;
			};
			name = Release;
		};
		0BC22C352B9E0A0D00EF07AC /* Debug */ = {
			isa = XCBuildConfiguration;
			buildSettings = {
				ASSETCATALOG_COMPILER_APPICON_NAME = AppIcon;
				ASSETCATALOG_COMPILER_GLOBAL_ACCENT_COLOR_NAME = AccentColor;
				CODE_SIGN_STYLE = Automatic;
				CURRENT_PROJECT_VERSION = 1;
				GENERATE_INFOPLIST_FILE = YES;
				INFOPLIST_FILE = "iOS12-HW17-Mikhailova Olga/Resources/Info.plist";
				INFOPLIST_KEY_UIApplicationSupportsIndirectInputEvents = YES;
				INFOPLIST_KEY_UILaunchStoryboardName = LaunchScreen;
				INFOPLIST_KEY_UISupportedInterfaceOrientations_iPad = "UIInterfaceOrientationPortrait UIInterfaceOrientationPortraitUpsideDown UIInterfaceOrientationLandscapeLeft UIInterfaceOrientationLandscapeRight";
				INFOPLIST_KEY_UISupportedInterfaceOrientations_iPhone = "UIInterfaceOrientationPortrait UIInterfaceOrientationLandscapeLeft UIInterfaceOrientationLandscapeRight";
				LD_RUNPATH_SEARCH_PATHS = (
					"$(inherited)",
					"@executable_path/Frameworks",
				);
				MARKETING_VERSION = 1.0;
				PRODUCT_BUNDLE_IDENTIFIER = "mycompany.iOS12-HW17-Mikhailova-Olga";
				PRODUCT_NAME = "$(TARGET_NAME)";
				SWIFT_EMIT_LOC_STRINGS = YES;
				SWIFT_VERSION = 5.0;
				TARGETED_DEVICE_FAMILY = "1,2";
			};
			name = Debug;
		};
		0BC22C362B9E0A0D00EF07AC /* Release */ = {
			isa = XCBuildConfiguration;
			buildSettings = {
				ASSETCATALOG_COMPILER_APPICON_NAME = AppIcon;
				ASSETCATALOG_COMPILER_GLOBAL_ACCENT_COLOR_NAME = AccentColor;
				CODE_SIGN_STYLE = Automatic;
				CURRENT_PROJECT_VERSION = 1;
				GENERATE_INFOPLIST_FILE = YES;
				INFOPLIST_FILE = "iOS12-HW17-Mikhailova Olga/Resources/Info.plist";
				INFOPLIST_KEY_UIApplicationSupportsIndirectInputEvents = YES;
				INFOPLIST_KEY_UILaunchStoryboardName = LaunchScreen;
				INFOPLIST_KEY_UISupportedInterfaceOrientations_iPad = "UIInterfaceOrientationPortrait UIInterfaceOrientationPortraitUpsideDown UIInterfaceOrientationLandscapeLeft UIInterfaceOrientationLandscapeRight";
				INFOPLIST_KEY_UISupportedInterfaceOrientations_iPhone = "UIInterfaceOrientationPortrait UIInterfaceOrientationLandscapeLeft UIInterfaceOrientationLandscapeRight";
				LD_RUNPATH_SEARCH_PATHS = (
					"$(inherited)",
					"@executable_path/Frameworks",
				);
				MARKETING_VERSION = 1.0;
				PRODUCT_BUNDLE_IDENTIFIER = "mycompany.iOS12-HW17-Mikhailova-Olga";
				PRODUCT_NAME = "$(TARGET_NAME)";
				SWIFT_EMIT_LOC_STRINGS = YES;
				SWIFT_VERSION = 5.0;
				TARGETED_DEVICE_FAMILY = "1,2";
			};
			name = Release;
		};
/* End XCBuildConfiguration section */

/* Begin XCConfigurationList section */
		0BC22C1B2B9E0A0B00EF07AC /* Build configuration list for PBXProject "iOS12-HW17-Mikhailova Olga" */ = {
			isa = XCConfigurationList;
			buildConfigurations = (
				0BC22C322B9E0A0D00EF07AC /* Debug */,
				0BC22C332B9E0A0D00EF07AC /* Release */,
			);
			defaultConfigurationIsVisible = 0;
			defaultConfigurationName = Release;
		};
		0BC22C342B9E0A0D00EF07AC /* Build configuration list for PBXNativeTarget "iOS12-HW17-Mikhailova Olga" */ = {
			isa = XCConfigurationList;
			buildConfigurations = (
				0BC22C352B9E0A0D00EF07AC /* Debug */,
				0BC22C362B9E0A0D00EF07AC /* Release */,
			);
			defaultConfigurationIsVisible = 0;
			defaultConfigurationName = Release;
		};
/* End XCConfigurationList section */
	};
	rootObject = 0BC22C182B9E0A0B00EF07AC /* Project object */;
}
